<?xml version="1.0" encoding="UTF-8" standalone="yes" ?>
<CodeBlocks_project_file>
	<FileVersion major="1" minor="6" />
	<Project>
		<Option title="networking" />
		<Option pch_mode="2" />
		<Option compiler="gcc" />
		<Build>
			<Target title="Dev">
				<Option output="chatroom" prefix_auto="1" extension_auto="1" />
				<Option object_output="obj/Debug/" />
				<Option type="1" />
				<Option compiler="gcc" />
				<Compiler>
					<Add option="-Wall" />
					<Add option="-g" />
				</Compiler>
			</Target>
			<Target title="Stable">
				<Option output="chatroom" prefix_auto="1" extension_auto="1" />
				<Option object_output="obj/Release/" />
				<Option type="1" />
				<Option compiler="gcc" />
				<Compiler>
					<Add option="-O2" />
				</Compiler>
				<Linker>
					<Add option="-s" />
				</Linker>
			</Target>
		</Build>
		<Compiler>
			<Add option="-std=c++0x" />
			<Add option="-Wall" />
			<Add directory="./include/" />
		</Compiler>
		<Linker>
			<Add library="SDL" />
			<Add library="SDL_net" />
		</Linker>
		<Unit filename="example/chatclient.cpp" />
		<Unit filename="example/chatclient.hpp" />
		<Unit filename="example/chatserver.cpp" />
		<Unit filename="example/chatserver.hpp" />
		<Unit filename="example/commands.hpp" />
		<Unit filename="example/main.cpp" />
		<Unit filename="include/json/json.hpp" />
		<Unit filename="include/net/client.hpp" />
		<Unit filename="include/net/common.hpp" />
		<Unit filename="include/net/link.hpp" />
		<Unit filename="include/net/server.hpp" />
		<Unit filename="src/json/json.cpp" />
		<Extensions>
			<code_completion />
			<debugger />
		</Extensions>
	</Project>
</CodeBlocks_project_file>
